
Microsoft Visual Studio Solution File, Format Version 12.00
# Visual Studio Version 17
VisualStudioVersion = 17.3.32929.385
MinimumVisualStudioVersion = 10.0.40219.1
Project("{FAE04EC0-301F-11D3-BF4B-00C04F79EFBC}") = "Kantin", "Kantin\Kantin.csproj", "{D31C9B32-281A-4B11-837A-083CA758CCCF}"
EndProject
Global
	GlobalSection(SolutionConfigurationPlatforms) = preSolution
		Debug|Any CPU = Debug|Any CPU
		Release|Any CPU = Release|Any CPU
	EndGlobalSection
	GlobalSection(ProjectConfigurationPlatforms) = postSolution
		{D31C9B32-281A-4B11-837A-083CA758CCCF}.Debug|Any CPU.ActiveCfg = Debug|Any CPU
		{D31C9B32-281A-4B11-837A-083CA758CCCF}.Debug|Any CPU.Build.0 = Debug|Any CPU
		{D31C9B32-281A-4B11-837A-083CA758CCCF}.Release|Any CPU.ActiveCfg = Release|Any CPU
		{D31C9B32-281A-4B11-837A-083CA758CCCF}.Release|Any CPU.Build.0 = Release|Any CPU
	EndGlobalSection
	GlobalSection(SolutionProperties) = preSolution
		HideSolutionNode = FALSE
	EndGlobalSection
	GlobalSection(ExtensibilityGlobals) = postSolution
		SolutionGuid = {33C05B4E-C9D8-4547-9C4E-690AACFFFC0A}
	EndGlobalSection
EndGlobal
